PODS:
  - CollieGallery (0.6.0)
  - Nimble (8.0.1)
  - Quick (2.1.0)

DEPENDENCIES:
  - CollieGallery (from `../`)
  - Nimble (= 8.0.1)
  - Quick (= 2.1.0)

SPEC REPOS:
  https://github.com/cocoapods/specs.git:
    - Nimble
    - Quick

EXTERNAL SOURCES:
  CollieGallery:
    :path: "../"

SPEC CHECKSUMS:
  CollieGallery: 23cd403c3c7bb0f108bc429a6b874e7315bede0b
  Nimble: 45f786ae66faa9a709624227fae502db55a8bdd0
  Quick: 4be43f6634acfa727dd106bdf3929ce125ffa79d

PODFILE CHECKSUM: 63b3ee2f44c04bda1fc30a1fbe8f38aa9f9683f0

COCOAPODS: 1.6.1
