PODS:
  - CollieGallery (0.3.1)
  - Nimble (4.1.0)
  - Quick (0.8.0)

DEPENDENCIES:
  - CollieGallery (from `../`)
  - Nimble (= 4.1.0)
  - Quick (~> 0.8.0)

EXTERNAL SOURCES:
  CollieGallery:
    :path: "../"

SPEC CHECKSUMS:
  CollieGallery: a1a49a463aaaa523c73250c600c305ae813919b7
  Nimble: 97a0a4cae5124c117115634b2d055d8c97d0af19
  Quick: 563d0f6ec5f72e394645adb377708639b7dd38ab

COCOAPODS: 0.39.0
