PODS:
  - CollieGallery (0.6.0)
  - Nimble (7.0.3)
  - Quick (1.2.0)

DEPENDENCIES:
  - CollieGallery (from `../`)
  - Nimble (= 7.0.3)
  - Quick (= 1.2.0)

SPEC REPOS:
  https://github.com/cocoapods/specs.git:
    - Nimble
    - Quick

EXTERNAL SOURCES:
  CollieGallery:
    :path: "../"

SPEC CHECKSUMS:
  CollieGallery: 23cd403c3c7bb0f108bc429a6b874e7315bede0b
  Nimble: 7f5a9c447a33002645a071bddafbfb24ea70e0ac
  Quick: 58d203b1c5e27fff7229c4c1ae445ad7069a7a08

PODFILE CHECKSUM: b91045b9a13feefd553e0899ebdcaf53a765f036

COCOAPODS: 1.6.1
